{
  "version": 2,
  "dependencies": {
    "net10.0-windows7.0": {
      "ExcelDna.AddIn": {
        "type": "Direct",
        "requested": "[1.9.0, )",
        "resolved": "1.9.0",
        "contentHash": "+jxXXswl6ds2ZGTwsuKWwO8crfzqvBFqd/t3PmEtg2YR6EN9F2pA97hiXblckhWZ6AKBlSGEC/ONTrCON2O33A==",
        "dependencies": {
          "ExcelDna.Integration": "[1.9.0]"
        }
      },
      "ExcelDna.Integration": {
        "type": "Transitive",
        "resolved": "1.9.0",
        "contentHash": "A1nbeRWa+rg3RoO9NV9iqNwQxWb9eVNG+Ki3uCfo8D3U8CT11/fzTIvVT3y2LoCTzqRIPwTysqp9sj42MKYw5Q=="
      },
      "vbang.interop": {
        "type": "Project",
        "dependencies": {
          "VbaNg.Runtime": "[1.0.0-alpha1, )"
        }
      },
      "vbang.runtime": {
        "type": "Project"
      }
    }
  }
}